
Microsoft Visual Studio Solution File, Format Version 12.00
# Visual Studio Version 16
VisualStudioVersion = 16.0.31829.152
MinimumVisualStudioVersion = 10.0.40219.1
Project("{FAE04EC0-301F-11D3-BF4B-00C04F79EFBC}") = "Практическая №7", "Практическая №7\Практическая №7.csproj", "{CDF54486-7337-4AE5-81C9-5F0954331C38}"
EndProject
Global
	GlobalSection(SolutionConfigurationPlatforms) = preSolution
		Debug|Any CPU = Debug|Any CPU
		Release|Any CPU = Release|Any CPU
	EndGlobalSection
	GlobalSection(ProjectConfigurationPlatforms) = postSolution
		{CDF54486-7337-4AE5-81C9-5F0954331C38}.Debug|Any CPU.ActiveCfg = Debug|Any CPU
		{CDF54486-7337-4AE5-81C9-5F0954331C38}.Debug|Any CPU.Build.0 = Debug|Any CPU
		{CDF54486-7337-4AE5-81C9-5F0954331C38}.Release|Any CPU.ActiveCfg = Release|Any CPU
		{CDF54486-7337-4AE5-81C9-5F0954331C38}.Release|Any CPU.Build.0 = Release|Any CPU
	EndGlobalSection
	GlobalSection(SolutionProperties) = preSolution
		HideSolutionNode = FALSE
	EndGlobalSection
	GlobalSection(ExtensibilityGlobals) = postSolution
		SolutionGuid = {8A747A54-56E9-499A-A298-826F624BC44E}
	EndGlobalSection
EndGlobal
